{
  "version": 4,
  "terraform_version": "1.6.3",
  "serial": 28,
  "lineage": "3394363f-b89b-8542-8347-563c1882a97c",
  "outputs": {},
  "resources": [
    {
      "mode": "managed",
      "type": "aws_instance",
      "name": "my_instance",
      "provider": "provider[\"registry.terraform.io/hashicorp/aws\"]",
      "instances": [
        {
          "schema_version": 1,
          "attributes": {
            "ami": "ami-0944e91aed79c721c",
            "arn": "arn:aws:ec2:us-west-2:108051779495:instance/i-08fadb612d5124f3c",
            "associate_public_ip_address": true,
            "availability_zone": "us-west-2a",
            "capacity_reservation_specification": [
              {
                "capacity_reservation_preference": "open",
                "capacity_reservation_target": []
              }
            ],
            "cpu_core_count": 1,
            "cpu_options": [
              {
                "amd_sev_snp": "",
                "core_count": 1,
                "threads_per_core": 1
              }
            ],
            "cpu_threads_per_core": 1,
            "credit_specification": [
              {
                "cpu_credits": "standard"
              }
            ],
            "disable_api_stop": false,
            "disable_api_termination": false,
            "ebs_block_device": [],
            "ebs_optimized": false,
            "enclave_options": [
              {
                "enabled": false
              }
            ],
            "ephemeral_block_device": [],
            "get_password_data": false,
            "hibernation": false,
            "host_id": "",
            "host_resource_group_arn": null,
            "iam_instance_profile": "",
            "id": "i-08fadb612d5124f3c",
            "instance_initiated_shutdown_behavior": "stop",
            "instance_lifecycle": "",
            "instance_market_options": [],
            "instance_state": "running",
            "instance_type": "t2.micro",
            "ipv6_address_count": 0,
            "ipv6_addresses": [],
            "key_name": "key3",
            "launch_template": [],
            "maintenance_options": [
              {
                "auto_recovery": "default"
              }
            ],
            "metadata_options": [
              {
                "http_endpoint": "enabled",
                "http_protocol_ipv6": "disabled",
                "http_put_response_hop_limit": 2,
                "http_tokens": "required",
                "instance_metadata_tags": "disabled"
              }
            ],
            "monitoring": false,
            "network_interface": [],
            "outpost_arn": "",
            "password_data": "",
            "placement_group": "",
            "placement_partition_number": 0,
            "primary_network_interface_id": "eni-0f16876a41a4a8f16",
            "private_dns": "ip-172-31-31-224.us-west-2.compute.internal",
            "private_dns_name_options": [
              {
                "enable_resource_name_dns_a_record": false,
                "enable_resource_name_dns_aaaa_record": false,
                "hostname_type": "ip-name"
              }
            ],
            "private_ip": "172.31.31.224",
            "public_dns": "ec2-34-220-229-164.us-west-2.compute.amazonaws.com",
            "public_ip": "34.220.229.164",
            "root_block_device": [
              {
                "delete_on_termination": true,
                "device_name": "/dev/xvda",
                "encrypted": false,
                "iops": 3000,
                "kms_key_id": "",
                "tags": {},
                "throughput": 125,
                "volume_id": "vol-0ac81d5513c2df99f",
                "volume_size": 8,
                "volume_type": "gp3"
              }
            ],
            "secondary_private_ips": [],
            "security_groups": [
              "my_security_group"
            ],
            "source_dest_check": true,
            "spot_instance_request_id": "",
            "subnet_id": "subnet-0e41ea30d85ab3a56",
            "tags": {
              "Name": "MyEC2Instance"
            },
            "tags_all": {
              "Name": "MyEC2Instance"
            },
            "tenancy": "default",
            "timeouts": null,
            "user_data": null,
            "user_data_base64": null,
            "user_data_replace_on_change": false,
            "volume_tags": null,
            "vpc_security_group_ids": [
              "sg-0c05d52f0ee195ad5"
            ]
          },
          "sensitive_attributes": [],
          "private": "eyJlMmJmYjczMC1lY2FhLTExZTYtOGY4OC0zNDM2M2JjN2M0YzAiOnsiY3JlYXRlIjo2MDAwMDAwMDAwMDAsImRlbGV0ZSI6MTIwMDAwMDAwMDAwMCwidXBkYXRlIjo2MDAwMDAwMDAwMDB9LCJzY2hlbWFfdmVyc2lvbiI6IjEifQ==",
          "dependencies": [
            "aws_key_pair.key1",
            "aws_security_group.my_security_group",
            "tls_private_key.mykey"
          ]
        }
      ]
    },
    {
      "mode": "managed",
      "type": "aws_key_pair",
      "name": "key1",
      "provider": "provider[\"registry.terraform.io/hashicorp/aws\"]",
      "instances": [
        {
          "schema_version": 1,
          "attributes": {
            "arn": "arn:aws:ec2:us-west-2:108051779495:key-pair/key3",
            "fingerprint": "35:56:49:3a:1c:b1:2d:19:0c:19:02:09:82:8b:d7:a1",
            "id": "key3",
            "key_name": "key3",
            "key_name_prefix": "",
            "key_pair_id": "key-079284ac0add10e43",
            "key_type": "rsa",
            "public_key": "ssh-rsa AAAAB3NzaC1yc2EAAAADAQABAAABAQCsWji4KVjIONxVrkEqZUpR5m4YpyJmMyHoOb/jqLMuvwy/haW/hGfXJUnGe4QpejqSw98aHUED0+DF0gjkq7X77y87zM6fZoJjONN4SYckXjMo4KjsJVlxa3/GTy+EIX4CNzkaiBLmgCpoSMHqifrhfMSTSaF9E6T4ZMha5ZT4MXLEBtqscrZuysXDLTfYEeyIEKEC0vkJsiJrR5alDe7x0Km1YEFaqLcQuB+bfDn2kBJyZB9jTKaIlZjw1h9cmdjbHaTRQWOtvUtHRGCvebMmyn6oIhNTUviAWtINOZ3qGYX0mvfDVdVXYkvQEQ7Qthbp2JwQAD1nAZBuoMzpZsQR",
            "tags": null,
            "tags_all": {}
          },
          "sensitive_attributes": [],
          "private": "eyJzY2hlbWFfdmVyc2lvbiI6IjEifQ==",
          "dependencies": [
            "tls_private_key.mykey"
          ]
        }
      ]
    },
    {
      "mode": "managed",
      "type": "aws_security_group",
      "name": "my_security_group",
      "provider": "provider[\"registry.terraform.io/hashicorp/aws\"]",
      "instances": [
        {
          "schema_version": 1,
          "attributes": {
            "arn": "arn:aws:ec2:us-west-2:108051779495:security-group/sg-0c05d52f0ee195ad5",
            "description": "Allow SSH and HTTP inbound traffic",
            "egress": [
              {
                "cidr_blocks": [
                  "0.0.0.0/0"
                ],
                "description": "",
                "from_port": 0,
                "ipv6_cidr_blocks": [],
                "prefix_list_ids": [],
                "protocol": "-1",
                "security_groups": [],
                "self": false,
                "to_port": 0
              }
            ],
            "id": "sg-0c05d52f0ee195ad5",
            "ingress": [
              {
                "cidr_blocks": [
                  "0.0.0.0/0"
                ],
                "description": "",
                "from_port": 22,
                "ipv6_cidr_blocks": [],
                "prefix_list_ids": [],
                "protocol": "tcp",
                "security_groups": [],
                "self": false,
                "to_port": 22
              },
              {
                "cidr_blocks": [
                  "0.0.0.0/0"
                ],
                "description": "",
                "from_port": 80,
                "ipv6_cidr_blocks": [],
                "prefix_list_ids": [],
                "protocol": "tcp",
                "security_groups": [],
                "self": false,
                "to_port": 80
              }
            ],
            "name": "my_security_group",
            "name_prefix": "",
            "owner_id": "108051779495",
            "revoke_rules_on_delete": false,
            "tags": null,
            "tags_all": {},
            "timeouts": null,
            "vpc_id": "vpc-0fa142eab3ef85cf0"
          },
          "sensitive_attributes": [],
          "private": "eyJlMmJmYjczMC1lY2FhLTExZTYtOGY4OC0zNDM2M2JjN2M0YzAiOnsiY3JlYXRlIjo2MDAwMDAwMDAwMDAsImRlbGV0ZSI6OTAwMDAwMDAwMDAwfSwic2NoZW1hX3ZlcnNpb24iOiIxIn0="
        }
      ]
    },
    {
      "mode": "managed",
      "type": "local_file",
      "name": "key_pair_save",
      "provider": "provider[\"registry.terraform.io/hashicorp/local\"]",
      "instances": [
        {
          "schema_version": 0,
          "attributes": {
            "content": "-----BEGIN RSA PRIVATE KEY-----\nMIIEpAIBAAKCAQEArFo4uClYyDjcVa5BKmVKUeZuGKciZjMh6Dm/46izLr8Mv4Wl\nv4Rn1yVJxnuEKXo6ksPfGh1BA9PgxdII5Ku1++8vO8zOn2aCYzjTeEmHJF4zKOCo\n7CVZcWt/xk8vhCF+Ajc5GogS5oAqaEjB6on64XzEk0mhfROk+GTIWuWU+DFyxAba\nrHK2bsrFwy032BHsiBChAtL5CbIia0eWpQ3u8dCptWBBWqi3ELgfm3w59pAScmQf\nY0ymiJWY8NYfXJnY2x2k0UFjrb1LR0Rgr3mzJsp+qCITU1L4gFrSDTmd6hmF9Jr3\nw1XVV2JL0BEO0LYW6dicEAA9ZwGQbqDM6WbEEQIDAQABAoIBAB3qHvQgAQ/nhp68\newUPxaGHfE59G+RfNaBn/Z1XF5qigGTxnn4qTheymiaAI8VLOMVmh9+xeipe6SGM\nvgxqnVCYCDu55ZcXJMRyBYpYQMOYMgsDS26JYQfln6zc66NkaMmbqianvZgSYMnu\n7vF1d30RudDSs9vQwA5496mHNZ8KNQOGjEGv42d2kcLTIBBmfrqn+Ku5KRL/+WeN\nXsZSIDniJmrGTxXK4YViTomKUMr+SDfmPywq1dI4pF4+tHcmq96ssey9oAe2daBG\n+e8W2RAsM1WN22rJRkxMmOxUZHSr9A7I/Sj9Zmzq0E78hpLYVpIWgU1vOONmrCF3\ns1iZjN0CgYEAwz5pD78X1RTzgP2JivR1Xskav8V6FeGE20TdtsRxmvjDAsh15CNa\nuWxi6D66p5XP80SWXRBVeBRdkDPvKZG1rHmcOuYXlV8eICRxCHJ1ex6Wa8PJor4U\nJTSFDC4aitU4rjwRYW/Cd0vTgvzUkq+0fYnLim4F9lrTWDDELWAApkcCgYEA4fw6\n7lKxqM8pojp9jbUI+3TyVtCxyeExhbnaJabAUxKLKI8NHaK/JDAYixBO69pSzs7G\na7DtAl1MQNi9ZiSpoteOf5qmFh1S3gQAgiojp9bAvoY+5Y1UlhdDutKw9cFlbbnR\nt/M9UcuGNG2sNkk5vbCBqTspJjKyhHyzcTx0ducCgYEAmJ8KxZJdcOXly2llwUeD\nEEsoK8yUuNIHZtgYcKxzGe9nkZ9d+K5iVxwQ3PdcNXB4k/ODjtAb37gbw4O1astK\nNr8Bj1EaElu+UuXpre67QzkP4MG1tw/a85JwhqrreKdgnWK7O21/mH2fo388NEZB\nUvkKMPX8ly08lG3ajJXFLDUCgYAW07+wKzI+9w4hkP71vX+2xs1j75jF57V06J0c\niIeM3Kap5ilRAQuFwEX6Zh9Su675rPFmF20ZfAsj0cDv/GwWQufmA90bBsNEIetb\nOp53ab32gOEBlxEgSCFTUc0GRg7U0pxYlH1xMbnQufNXWHY4rwep7Ivvi9d0gpQt\nsAmjqQKBgQC8ya7XZowE/PI7JklbuT96BRIG9LjIZNcoAwops+JRcbf4rAcd03ab\nHLeUgOa0ygvpnRpldB2AK5VPweT7e0TVAF9J+M6UM4rMJvKoO6Xo8NC7G002bOT+\naFiButvFTX+9P69+ujl0vizs31juIEsdHE3huoJblcruz/0bEnmt7A==\n-----END RSA PRIVATE KEY-----\n",
            "content_base64": null,
            "content_base64sha256": "okVoayTMR2tZcsYhXUUDd5YUPaAN2Wdk16oduxXAaCg=",
            "content_base64sha512": "dM/CQT4eNj6+33WKFE1mlAm5KfbakR+ENjvBskYR1zoIyf3BW7MCEG126YzlHgUI69bSx/g9PFaCpC3l32QRBA==",
            "content_md5": "b0bee8b52a99dfd401f1af8fd89a5eab",
            "content_sha1": "af399de2a0f46080613941b5c22d7278798a3e94",
            "content_sha256": "a245686b24cc476b5972c6215d45037796143da00dd96764d7aa1dbb15c06828",
            "content_sha512": "74cfc2413e1e363ebedf758a144d669409b929f6da911f84363bc1b24611d73a08c9fdc15bb302106d76e98ce51e0508ebd6d2c7f83d3c5682a42de5df641104",
            "directory_permission": "0777",
            "file_permission": "0777",
            "filename": "key.pem",
            "id": "af399de2a0f46080613941b5c22d7278798a3e94",
            "sensitive_content": null,
            "source": null
          },
          "sensitive_attributes": [
            [
              {
                "type": "get_attr",
                "value": "content"
              }
            ]
          ],
          "dependencies": [
            "tls_private_key.mykey"
          ]
        }
      ]
    },
    {
      "mode": "managed",
      "type": "tls_private_key",
      "name": "mykey",
      "provider": "provider[\"registry.terraform.io/hashicorp/tls\"]",
      "instances": [
        {
          "schema_version": 1,
          "attributes": {
            "algorithm": "RSA",
            "ecdsa_curve": "P224",
            "id": "a0b8815ebd5092dba3cd669e589ec8af1eddb7c7",
            "private_key_openssh": "-----BEGIN OPENSSH PRIVATE KEY-----\nb3BlbnNzaC1rZXktdjEAAAAABG5vbmUAAAAEbm9uZQAAAAAAAAABAAABFwAAAAdz\nc2gtcnNhAAAAAwEAAQAAAQEArFo4uClYyDjcVa5BKmVKUeZuGKciZjMh6Dm/46iz\nLr8Mv4Wlv4Rn1yVJxnuEKXo6ksPfGh1BA9PgxdII5Ku1++8vO8zOn2aCYzjTeEmH\nJF4zKOCo7CVZcWt/xk8vhCF+Ajc5GogS5oAqaEjB6on64XzEk0mhfROk+GTIWuWU\n+DFyxAbarHK2bsrFwy032BHsiBChAtL5CbIia0eWpQ3u8dCptWBBWqi3ELgfm3w5\n9pAScmQfY0ymiJWY8NYfXJnY2x2k0UFjrb1LR0Rgr3mzJsp+qCITU1L4gFrSDTmd\n6hmF9Jr3w1XVV2JL0BEO0LYW6dicEAA9ZwGQbqDM6WbEEQAAA7jxX69k8V+vZAAA\nAAdzc2gtcnNhAAABAQCsWji4KVjIONxVrkEqZUpR5m4YpyJmMyHoOb/jqLMuvwy/\nhaW/hGfXJUnGe4QpejqSw98aHUED0+DF0gjkq7X77y87zM6fZoJjONN4SYckXjMo\n4KjsJVlxa3/GTy+EIX4CNzkaiBLmgCpoSMHqifrhfMSTSaF9E6T4ZMha5ZT4MXLE\nBtqscrZuysXDLTfYEeyIEKEC0vkJsiJrR5alDe7x0Km1YEFaqLcQuB+bfDn2kBJy\nZB9jTKaIlZjw1h9cmdjbHaTRQWOtvUtHRGCvebMmyn6oIhNTUviAWtINOZ3qGYX0\nmvfDVdVXYkvQEQ7Qthbp2JwQAD1nAZBuoMzpZsQRAAAAAwEAAQAAAQAd6h70IAEP\n54aevHsFD8Whh3xOfRvkXzWgZ/2dVxeaooBk8Z5+Kk4XspomgCPFSzjFZoffsXoq\nXukhjL4Map1QmAg7ueWXFyTEcgWKWEDDmDILA0tuiWEH5Z+s3OujZGjJm6omp72Y\nEmDJ7u7xdXd9EbnQ0rPb0MAOePephzWfCjUDhoxBr+NndpHC0yAQZn66p/iruSkS\n//lnjV7GUiA54iZqxk8VyuGFYk6JilDK/kg35j8sKtXSOKRePrR3JqverLHsvaAH\ntnWgRvnvFtkQLDNVjdtqyUZMTJjsVGR0q/QOyP0o/WZs6tBO/IaS2FaSFoFNbzjj\nZqwhd7NYmYzdAAAAgQC8ya7XZowE/PI7JklbuT96BRIG9LjIZNcoAwops+JRcbf4\nrAcd03abHLeUgOa0ygvpnRpldB2AK5VPweT7e0TVAF9J+M6UM4rMJvKoO6Xo8NC7\nG002bOT+aFiButvFTX+9P69+ujl0vizs31juIEsdHE3huoJblcruz/0bEnmt7AAA\nAIEAwz5pD78X1RTzgP2JivR1Xskav8V6FeGE20TdtsRxmvjDAsh15CNauWxi6D66\np5XP80SWXRBVeBRdkDPvKZG1rHmcOuYXlV8eICRxCHJ1ex6Wa8PJor4UJTSFDC4a\nitU4rjwRYW/Cd0vTgvzUkq+0fYnLim4F9lrTWDDELWAApkcAAACBAOH8Ou5SsajP\nKaI6fY21CPt08lbQscnhMYW52iWmwFMSiyiPDR2ivyQwGIsQTuvaUs7Oxmuw7QJd\nTEDYvWYkqaLXjn+aphYdUt4EAIIqI6fWwL6GPuWNVJYXQ7rSsPXBZW250bfzPVHL\nhjRtrDZJOb2wgak7KSYysoR8s3E8dHbnAAAAAAEC\n-----END OPENSSH PRIVATE KEY-----\n",
            "private_key_pem": "-----BEGIN RSA PRIVATE KEY-----\nMIIEpAIBAAKCAQEArFo4uClYyDjcVa5BKmVKUeZuGKciZjMh6Dm/46izLr8Mv4Wl\nv4Rn1yVJxnuEKXo6ksPfGh1BA9PgxdII5Ku1++8vO8zOn2aCYzjTeEmHJF4zKOCo\n7CVZcWt/xk8vhCF+Ajc5GogS5oAqaEjB6on64XzEk0mhfROk+GTIWuWU+DFyxAba\nrHK2bsrFwy032BHsiBChAtL5CbIia0eWpQ3u8dCptWBBWqi3ELgfm3w59pAScmQf\nY0ymiJWY8NYfXJnY2x2k0UFjrb1LR0Rgr3mzJsp+qCITU1L4gFrSDTmd6hmF9Jr3\nw1XVV2JL0BEO0LYW6dicEAA9ZwGQbqDM6WbEEQIDAQABAoIBAB3qHvQgAQ/nhp68\newUPxaGHfE59G+RfNaBn/Z1XF5qigGTxnn4qTheymiaAI8VLOMVmh9+xeipe6SGM\nvgxqnVCYCDu55ZcXJMRyBYpYQMOYMgsDS26JYQfln6zc66NkaMmbqianvZgSYMnu\n7vF1d30RudDSs9vQwA5496mHNZ8KNQOGjEGv42d2kcLTIBBmfrqn+Ku5KRL/+WeN\nXsZSIDniJmrGTxXK4YViTomKUMr+SDfmPywq1dI4pF4+tHcmq96ssey9oAe2daBG\n+e8W2RAsM1WN22rJRkxMmOxUZHSr9A7I/Sj9Zmzq0E78hpLYVpIWgU1vOONmrCF3\ns1iZjN0CgYEAwz5pD78X1RTzgP2JivR1Xskav8V6FeGE20TdtsRxmvjDAsh15CNa\nuWxi6D66p5XP80SWXRBVeBRdkDPvKZG1rHmcOuYXlV8eICRxCHJ1ex6Wa8PJor4U\nJTSFDC4aitU4rjwRYW/Cd0vTgvzUkq+0fYnLim4F9lrTWDDELWAApkcCgYEA4fw6\n7lKxqM8pojp9jbUI+3TyVtCxyeExhbnaJabAUxKLKI8NHaK/JDAYixBO69pSzs7G\na7DtAl1MQNi9ZiSpoteOf5qmFh1S3gQAgiojp9bAvoY+5Y1UlhdDutKw9cFlbbnR\nt/M9UcuGNG2sNkk5vbCBqTspJjKyhHyzcTx0ducCgYEAmJ8KxZJdcOXly2llwUeD\nEEsoK8yUuNIHZtgYcKxzGe9nkZ9d+K5iVxwQ3PdcNXB4k/ODjtAb37gbw4O1astK\nNr8Bj1EaElu+UuXpre67QzkP4MG1tw/a85JwhqrreKdgnWK7O21/mH2fo388NEZB\nUvkKMPX8ly08lG3ajJXFLDUCgYAW07+wKzI+9w4hkP71vX+2xs1j75jF57V06J0c\niIeM3Kap5ilRAQuFwEX6Zh9Su675rPFmF20ZfAsj0cDv/GwWQufmA90bBsNEIetb\nOp53ab32gOEBlxEgSCFTUc0GRg7U0pxYlH1xMbnQufNXWHY4rwep7Ivvi9d0gpQt\nsAmjqQKBgQC8ya7XZowE/PI7JklbuT96BRIG9LjIZNcoAwops+JRcbf4rAcd03ab\nHLeUgOa0ygvpnRpldB2AK5VPweT7e0TVAF9J+M6UM4rMJvKoO6Xo8NC7G002bOT+\naFiButvFTX+9P69+ujl0vizs31juIEsdHE3huoJblcruz/0bEnmt7A==\n-----END RSA PRIVATE KEY-----\n",
            "private_key_pem_pkcs8": "-----BEGIN PRIVATE KEY-----\nMIIEvgIBADANBgkqhkiG9w0BAQEFAASCBKgwggSkAgEAAoIBAQCsWji4KVjIONxV\nrkEqZUpR5m4YpyJmMyHoOb/jqLMuvwy/haW/hGfXJUnGe4QpejqSw98aHUED0+DF\n0gjkq7X77y87zM6fZoJjONN4SYckXjMo4KjsJVlxa3/GTy+EIX4CNzkaiBLmgCpo\nSMHqifrhfMSTSaF9E6T4ZMha5ZT4MXLEBtqscrZuysXDLTfYEeyIEKEC0vkJsiJr\nR5alDe7x0Km1YEFaqLcQuB+bfDn2kBJyZB9jTKaIlZjw1h9cmdjbHaTRQWOtvUtH\nRGCvebMmyn6oIhNTUviAWtINOZ3qGYX0mvfDVdVXYkvQEQ7Qthbp2JwQAD1nAZBu\noMzpZsQRAgMBAAECggEAHeoe9CABD+eGnrx7BQ/FoYd8Tn0b5F81oGf9nVcXmqKA\nZPGefipOF7KaJoAjxUs4xWaH37F6Kl7pIYy+DGqdUJgIO7nllxckxHIFilhAw5gy\nCwNLbolhB+WfrNzro2RoyZuqJqe9mBJgye7u8XV3fRG50NKz29DADnj3qYc1nwo1\nA4aMQa/jZ3aRwtMgEGZ+uqf4q7kpEv/5Z41exlIgOeImasZPFcrhhWJOiYpQyv5I\nN+Y/LCrV0jikXj60dyar3qyx7L2gB7Z1oEb57xbZECwzVY3baslGTEyY7FRkdKv0\nDsj9KP1mbOrQTvyGkthWkhaBTW8442asIXezWJmM3QKBgQDDPmkPvxfVFPOA/YmK\n9HVeyRq/xXoV4YTbRN22xHGa+MMCyHXkI1q5bGLoPrqnlc/zRJZdEFV4FF2QM+8p\nkbWseZw65heVXx4gJHEIcnV7HpZrw8mivhQlNIUMLhqK1TiuPBFhb8J3S9OC/NSS\nr7R9icuKbgX2WtNYMMQtYACmRwKBgQDh/DruUrGozymiOn2NtQj7dPJW0LHJ4TGF\nudolpsBTEosojw0dor8kMBiLEE7r2lLOzsZrsO0CXUxA2L1mJKmi145/mqYWHVLe\nBACCKiOn1sC+hj7ljVSWF0O60rD1wWVtudG38z1Ry4Y0baw2STm9sIGpOykmMrKE\nfLNxPHR25wKBgQCYnwrFkl1w5eXLaWXBR4MQSygrzJS40gdm2BhwrHMZ72eRn134\nrmJXHBDc91w1cHiT84OO0BvfuBvDg7Vqy0o2vwGPURoSW75S5emt7rtDOQ/gwbW3\nD9rzknCGqut4p2CdYrs7bX+YfZ+jfzw0RkFS+Qow9fyXLTyUbdqMlcUsNQKBgBbT\nv7ArMj73DiGQ/vW9f7bGzWPvmMXntXTonRyIh4zcpqnmKVEBC4XARfpmH1K7rvms\n8WYXbRl8CyPRwO/8bBZC5+YD3RsGw0Qh61s6nndpvfaA4QGXESBIIVNRzQZGDtTS\nnFiUfXExudC581dYdjivB6nsi++L13SClC2wCaOpAoGBALzJrtdmjAT88jsmSVu5\nP3oFEgb0uMhk1ygDCimz4lFxt/isBx3Tdpsct5SA5rTKC+mdGmV0HYArlU/B5Pt7\nRNUAX0n4zpQziswm8qg7pejw0LsbTTZs5P5oWIG628VNf70/r366OXS+LOzfWO4g\nSx0cTeG6gluVyu7P/RsSea3s\n-----END PRIVATE KEY-----\n",
            "public_key_fingerprint_md5": "e5:45:ad:13:a4:fe:c8:a6:0d:a3:18:25:85:7a:13:5e",
            "public_key_fingerprint_sha256": "SHA256:NjxbDJBebzuUmUuYFxGfjy91DrgbGLrso9S5PhEyKL4",
            "public_key_openssh": "ssh-rsa AAAAB3NzaC1yc2EAAAADAQABAAABAQCsWji4KVjIONxVrkEqZUpR5m4YpyJmMyHoOb/jqLMuvwy/haW/hGfXJUnGe4QpejqSw98aHUED0+DF0gjkq7X77y87zM6fZoJjONN4SYckXjMo4KjsJVlxa3/GTy+EIX4CNzkaiBLmgCpoSMHqifrhfMSTSaF9E6T4ZMha5ZT4MXLEBtqscrZuysXDLTfYEeyIEKEC0vkJsiJrR5alDe7x0Km1YEFaqLcQuB+bfDn2kBJyZB9jTKaIlZjw1h9cmdjbHaTRQWOtvUtHRGCvebMmyn6oIhNTUviAWtINOZ3qGYX0mvfDVdVXYkvQEQ7Qthbp2JwQAD1nAZBuoMzpZsQR\n",
            "public_key_pem": "-----BEGIN PUBLIC KEY-----\nMIIBIjANBgkqhkiG9w0BAQEFAAOCAQ8AMIIBCgKCAQEArFo4uClYyDjcVa5BKmVK\nUeZuGKciZjMh6Dm/46izLr8Mv4Wlv4Rn1yVJxnuEKXo6ksPfGh1BA9PgxdII5Ku1\n++8vO8zOn2aCYzjTeEmHJF4zKOCo7CVZcWt/xk8vhCF+Ajc5GogS5oAqaEjB6on6\n4XzEk0mhfROk+GTIWuWU+DFyxAbarHK2bsrFwy032BHsiBChAtL5CbIia0eWpQ3u\n8dCptWBBWqi3ELgfm3w59pAScmQfY0ymiJWY8NYfXJnY2x2k0UFjrb1LR0Rgr3mz\nJsp+qCITU1L4gFrSDTmd6hmF9Jr3w1XVV2JL0BEO0LYW6dicEAA9ZwGQbqDM6WbE\nEQIDAQAB\n-----END PUBLIC KEY-----\n",
            "rsa_bits": 2048
          },
          "sensitive_attributes": []
        }
      ]
    }
  ],
  "check_results": null
}
